
Microsoft Visual Studio Solution File, Format Version 12.00
# Visual Studio Version 17
VisualStudioVersion = 17.0.31903.59
MinimumVisualStudioVersion = 10.0.40219.1
Project("{2150E333-8FDC-42A3-9474-1A3956D46DE8}") = "src", "src", "{827E0CD3-B72D-47B6-A68D-7590B98EB39B}"
EndProject
Project("{FAE04EC0-301F-11D3-BF4B-00C04F79EFBC}") = "TradingIntelligenceEngine.Api", "src\TradingIntelligenceEngine.Api\TradingIntelligenceEngine.Api.csproj", "{1F1BFDAB-3748-4537-873D-A51444F815B7}"
EndProject
Project("{FAE04EC0-301F-11D3-BF4B-00C04F79EFBC}") = "TradingIntelligenceEngine.Application", "src\TradingIntelligenceEngine.Application\TradingIntelligenceEngine.Application.csproj", "{75541381-C81B-491F-87DE-3A584101CBFF}"
EndProject
Project("{FAE04EC0-301F-11D3-BF4B-00C04F79EFBC}") = "TradingIntelligenceEngine.Domain", "src\TradingIntelligenceEngine.Domain\TradingIntelligenceEngine.Domain.csproj", "{450B983F-0E66-47EA-ACC2-8C136C3516BB}"
EndProject
Project("{FAE04EC0-301F-11D3-BF4B-00C04F79EFBC}") = "TradingIntelligenceEngine.MarketData", "src\TradingIntelligenceEngine.MarketData\TradingIntelligenceEngine.MarketData.csproj", "{4A2E451A-9449-45D3-BD46-177A10361217}"
EndProject
Project("{FAE04EC0-301F-11D3-BF4B-00C04F79EFBC}") = "TradingIntelligenceEngine.MarketStructure", "src\TradingIntelligenceEngine.MarketStructure\TradingIntelligenceEngine.MarketStructure.csproj", "{6BEE0A07-8BFF-4962-B4BA-EDC06EBF3BA7}"
EndProject
Project("{FAE04EC0-301F-11D3-BF4B-00C04F79EFBC}") = "TradingIntelligenceEngine.TechnicalAnalysis", "src\TradingIntelligenceEngine.TechnicalAnalysis\TradingIntelligenceEngine.TechnicalAnalysis.csproj", "{B0B86EED-DBF8-4A21-B53A-FB5125424BFF}"
EndProject
Project("{FAE04EC0-301F-11D3-BF4B-00C04F79EFBC}") = "TradingIntelligenceEngine.Liquidity", "src\TradingIntelligenceEngine.Liquidity\TradingIntelligenceEngine.Liquidity.csproj", "{07A60ED7-CC62-4E7A-A163-A35A20B2CB39}"
EndProject
Project("{FAE04EC0-301F-11D3-BF4B-00C04F79EFBC}") = "TradingIntelligenceEngine.Regime", "src\TradingIntelligenceEngine.Regime\TradingIntelligenceEngine.Regime.csproj", "{99743150-BC3B-4E4A-A545-635EC1F43405}"
EndProject
Project("{FAE04EC0-301F-11D3-BF4B-00C04F79EFBC}") = "TradingIntelligenceEngine.Signal", "src\TradingIntelligenceEngine.Signal\TradingIntelligenceEngine.Signal.csproj", "{62C8DF08-5456-49FA-A965-701256C5C663}"
EndProject
Project("{FAE04EC0-301F-11D3-BF4B-00C04F79EFBC}") = "TradingIntelligenceEngine.AI", "src\TradingIntelligenceEngine.AI\TradingIntelligenceEngine.AI.csproj", "{86E6BCBE-72D5-49D9-B90B-73D3E4A0D694}"
EndProject
Project("{FAE04EC0-301F-11D3-BF4B-00C04F79EFBC}") = "TradingIntelligenceEngine.Risk", "src\TradingIntelligenceEngine.Risk\TradingIntelligenceEngine.Risk.csproj", "{AAC95EE4-EA92-44FE-8E62-4EE5B7FDEB7E}"
EndProject
Project("{FAE04EC0-301F-11D3-BF4B-00C04F79EFBC}") = "TradingIntelligenceEngine.Execution", "src\TradingIntelligenceEngine.Execution\TradingIntelligenceEngine.Execution.csproj", "{CE64C176-7F85-46DD-9F0B-8094FF33AA1F}"
EndProject
Project("{FAE04EC0-301F-11D3-BF4B-00C04F79EFBC}") = "TradingIntelligenceEngine.Backtesting", "src\TradingIntelligenceEngine.Backtesting\TradingIntelligenceEngine.Backtesting.csproj", "{E303518F-C94C-4378-A1F1-1D7860C92E9E}"
EndProject
Project("{FAE04EC0-301F-11D3-BF4B-00C04F79EFBC}") = "TradingIntelligenceEngine.Infrastructure", "src\TradingIntelligenceEngine.Infrastructure\TradingIntelligenceEngine.Infrastructure.csproj", "{54DDC6E5-4C02-4EE2-A6A7-4EB92C2F5D55}"
EndProject
Project("{2150E333-8FDC-42A3-9474-1A3956D46DE8}") = "tests", "tests", "{0AB3BF05-4346-4AA6-1389-037BE0695223}"
EndProject
Project("{FAE04EC0-301F-11D3-BF4B-00C04F79EFBC}") = "TradingIntelligenceEngine.Domain.Tests", "tests\TradingIntelligenceEngine.Domain.Tests\TradingIntelligenceEngine.Domain.Tests.csproj", "{602DB5F3-662D-4DB4-8C81-C9F86FBC8516}"
EndProject
Project("{FAE04EC0-301F-11D3-BF4B-00C04F79EFBC}") = "TradingIntelligenceEngine.MarketStructure.Tests", "tests\TradingIntelligenceEngine.MarketStructure.Tests\TradingIntelligenceEngine.MarketStructure.Tests.csproj", "{F395DE86-9532-43BE-90D2-634508743985}"
EndProject
Project("{FAE04EC0-301F-11D3-BF4B-00C04F79EFBC}") = "TradingIntelligenceEngine.TechnicalAnalysis.Tests", "tests\TradingIntelligenceEngine.TechnicalAnalysis.Tests\TradingIntelligenceEngine.TechnicalAnalysis.Tests.csproj", "{6363C65F-E778-466B-8FEC-C0792D46ABF1}"
EndProject
Project("{FAE04EC0-301F-11D3-BF4B-00C04F79EFBC}") = "TradingIntelligenceEngine.Signal.Tests", "tests\TradingIntelligenceEngine.Signal.Tests\TradingIntelligenceEngine.Signal.Tests.csproj", "{DFC590E0-80E0-4338-99A9-051C82B6B315}"
EndProject
Project("{FAE04EC0-301F-11D3-BF4B-00C04F79EFBC}") = "TradingIntelligenceEngine.Backtesting.Tests", "tests\TradingIntelligenceEngine.Backtesting.Tests\TradingIntelligenceEngine.Backtesting.Tests.csproj", "{22229D2B-2C19-4223-B486-2A99BB40E347}"
EndProject
Global
	GlobalSection(SolutionConfigurationPlatforms) = preSolution
		Debug|Any CPU = Debug|Any CPU
		Debug|x64 = Debug|x64
		Debug|x86 = Debug|x86
		Release|Any CPU = Release|Any CPU
		Release|x64 = Release|x64
		Release|x86 = Release|x86
	EndGlobalSection
	GlobalSection(ProjectConfigurationPlatforms) = postSolution
		{1F1BFDAB-3748-4537-873D-A51444F815B7}.Debug|Any CPU.ActiveCfg = Debug|Any CPU
		{1F1BFDAB-3748-4537-873D-A51444F815B7}.Debug|Any CPU.Build.0 = Debug|Any CPU
		{1F1BFDAB-3748-4537-873D-A51444F815B7}.Debug|x64.ActiveCfg = Debug|Any CPU
		{1F1BFDAB-3748-4537-873D-A51444F815B7}.Debug|x64.Build.0 = Debug|Any CPU
		{1F1BFDAB-3748-4537-873D-A51444F815B7}.Debug|x86.ActiveCfg = Debug|Any CPU
		{1F1BFDAB-3748-4537-873D-A51444F815B7}.Debug|x86.Build.0 = Debug|Any CPU
		{1F1BFDAB-3748-4537-873D-A51444F815B7}.Release|Any CPU.ActiveCfg = Release|Any CPU
		{1F1BFDAB-3748-4537-873D-A51444F815B7}.Release|Any CPU.Build.0 = Release|Any CPU
		{1F1BFDAB-3748-4537-873D-A51444F815B7}.Release|x64.ActiveCfg = Release|Any CPU
		{1F1BFDAB-3748-4537-873D-A51444F815B7}.Release|x64.Build.0 = Release|Any CPU
		{1F1BFDAB-3748-4537-873D-A51444F815B7}.Release|x86.ActiveCfg = Release|Any CPU
		{1F1BFDAB-3748-4537-873D-A51444F815B7}.Release|x86.Build.0 = Release|Any CPU
		{75541381-C81B-491F-87DE-3A584101CBFF}.Debug|Any CPU.ActiveCfg = Debug|Any CPU
		{75541381-C81B-491F-87DE-3A584101CBFF}.Debug|Any CPU.Build.0 = Debug|Any CPU
		{75541381-C81B-491F-87DE-3A584101CBFF}.Debug|x64.ActiveCfg = Debug|Any CPU
		{75541381-C81B-491F-87DE-3A584101CBFF}.Debug|x64.Build.0 = Debug|Any CPU
		{75541381-C81B-491F-87DE-3A584101CBFF}.Debug|x86.ActiveCfg = Debug|Any CPU
		{75541381-C81B-491F-87DE-3A584101CBFF}.Debug|x86.Build.0 = Debug|Any CPU
		{75541381-C81B-491F-87DE-3A584101CBFF}.Release|Any CPU.ActiveCfg = Release|Any CPU
		{75541381-C81B-491F-87DE-3A584101CBFF}.Release|Any CPU.Build.0 = Release|Any CPU
		{75541381-C81B-491F-87DE-3A584101CBFF}.Release|x64.ActiveCfg = Release|Any CPU
		{75541381-C81B-491F-87DE-3A584101CBFF}.Release|x64.Build.0 = Release|Any CPU
		{75541381-C81B-491F-87DE-3A584101CBFF}.Release|x86.ActiveCfg = Release|Any CPU
		{75541381-C81B-491F-87DE-3A584101CBFF}.Release|x86.Build.0 = Release|Any CPU
		{450B983F-0E66-47EA-ACC2-8C136C3516BB}.Debug|Any CPU.ActiveCfg = Debug|Any CPU
		{450B983F-0E66-47EA-ACC2-8C136C3516BB}.Debug|Any CPU.Build.0 = Debug|Any CPU
		{450B983F-0E66-47EA-ACC2-8C136C3516BB}.Debug|x64.ActiveCfg = Debug|Any CPU
		{450B983F-0E66-47EA-ACC2-8C136C3516BB}.Debug|x64.Build.0 = Debug|Any CPU
		{450B983F-0E66-47EA-ACC2-8C136C3516BB}.Debug|x86.ActiveCfg = Debug|Any CPU
		{450B983F-0E66-47EA-ACC2-8C136C3516BB}.Debug|x86.Build.0 = Debug|Any CPU
		{450B983F-0E66-47EA-ACC2-8C136C3516BB}.Release|Any CPU.ActiveCfg = Release|Any CPU
		{450B983F-0E66-47EA-ACC2-8C136C3516BB}.Release|Any CPU.Build.0 = Release|Any CPU
		{450B983F-0E66-47EA-ACC2-8C136C3516BB}.Release|x64.ActiveCfg = Release|Any CPU
		{450B983F-0E66-47EA-ACC2-8C136C3516BB}.Release|x64.Build.0 = Release|Any CPU
		{450B983F-0E66-47EA-ACC2-8C136C3516BB}.Release|x86.ActiveCfg = Release|Any CPU
		{450B983F-0E66-47EA-ACC2-8C136C3516BB}.Release|x86.Build.0 = Release|Any CPU
		{4A2E451A-9449-45D3-BD46-177A10361217}.Debug|Any CPU.ActiveCfg = Debug|Any CPU
		{4A2E451A-9449-45D3-BD46-177A10361217}.Debug|Any CPU.Build.0 = Debug|Any CPU
		{4A2E451A-9449-45D3-BD46-177A10361217}.Debug|x64.ActiveCfg = Debug|Any CPU
		{4A2E451A-9449-45D3-BD46-177A10361217}.Debug|x64.Build.0 = Debug|Any CPU
		{4A2E451A-9449-45D3-BD46-177A10361217}.Debug|x86.ActiveCfg = Debug|Any CPU
		{4A2E451A-9449-45D3-BD46-177A10361217}.Debug|x86.Build.0 = Debug|Any CPU
		{4A2E451A-9449-45D3-BD46-177A10361217}.Release|Any CPU.ActiveCfg = Release|Any CPU
		{4A2E451A-9449-45D3-BD46-177A10361217}.Release|Any CPU.Build.0 = Release|Any CPU
		{4A2E451A-9449-45D3-BD46-177A10361217}.Release|x64.ActiveCfg = Release|Any CPU
		{4A2E451A-9449-45D3-BD46-177A10361217}.Release|x64.Build.0 = Release|Any CPU
		{4A2E451A-9449-45D3-BD46-177A10361217}.Release|x86.ActiveCfg = Release|Any CPU
		{4A2E451A-9449-45D3-BD46-177A10361217}.Release|x86.Build.0 = Release|Any CPU
		{6BEE0A07-8BFF-4962-B4BA-EDC06EBF3BA7}.Debug|Any CPU.ActiveCfg = Debug|Any CPU
		{6BEE0A07-8BFF-4962-B4BA-EDC06EBF3BA7}.Debug|Any CPU.Build.0 = Debug|Any CPU
		{6BEE0A07-8BFF-4962-B4BA-EDC06EBF3BA7}.Debug|x64.ActiveCfg = Debug|Any CPU
		{6BEE0A07-8BFF-4962-B4BA-EDC06EBF3BA7}.Debug|x64.Build.0 = Debug|Any CPU
		{6BEE0A07-8BFF-4962-B4BA-EDC06EBF3BA7}.Debug|x86.ActiveCfg = Debug|Any CPU
		{6BEE0A07-8BFF-4962-B4BA-EDC06EBF3BA7}.Debug|x86.Build.0 = Debug|Any CPU
		{6BEE0A07-8BFF-4962-B4BA-EDC06EBF3BA7}.Release|Any CPU.ActiveCfg = Release|Any CPU
		{6BEE0A07-8BFF-4962-B4BA-EDC06EBF3BA7}.Release|Any CPU.Build.0 = Release|Any CPU
		{6BEE0A07-8BFF-4962-B4BA-EDC06EBF3BA7}.Release|x64.ActiveCfg = Release|Any CPU
		{6BEE0A07-8BFF-4962-B4BA-EDC06EBF3BA7}.Release|x64.Build.0 = Release|Any CPU
		{6BEE0A07-8BFF-4962-B4BA-EDC06EBF3BA7}.Release|x86.ActiveCfg = Release|Any CPU
		{6BEE0A07-8BFF-4962-B4BA-EDC06EBF3BA7}.Release|x86.Build.0 = Release|Any CPU
		{B0B86EED-DBF8-4A21-B53A-FB5125424BFF}.Debug|Any CPU.ActiveCfg = Debug|Any CPU
		{B0B86EED-DBF8-4A21-B53A-FB5125424BFF}.Debug|Any CPU.Build.0 = Debug|Any CPU
		{B0B86EED-DBF8-4A21-B53A-FB5125424BFF}.Debug|x64.ActiveCfg = Debug|Any CPU
		{B0B86EED-DBF8-4A21-B53A-FB5125424BFF}.Debug|x64.Build.0 = Debug|Any CPU
		{B0B86EED-DBF8-4A21-B53A-FB5125424BFF}.Debug|x86.ActiveCfg = Debug|Any CPU
		{B0B86EED-DBF8-4A21-B53A-FB5125424BFF}.Debug|x86.Build.0 = Debug|Any CPU
		{B0B86EED-DBF8-4A21-B53A-FB5125424BFF}.Release|Any CPU.ActiveCfg = Release|Any CPU
		{B0B86EED-DBF8-4A21-B53A-FB5125424BFF}.Release|Any CPU.Build.0 = Release|Any CPU
		{B0B86EED-DBF8-4A21-B53A-FB5125424BFF}.Release|x64.ActiveCfg = Release|Any CPU
		{B0B86EED-DBF8-4A21-B53A-FB5125424BFF}.Release|x64.Build.0 = Release|Any CPU
		{B0B86EED-DBF8-4A21-B53A-FB5125424BFF}.Release|x86.ActiveCfg = Release|Any CPU
		{B0B86EED-DBF8-4A21-B53A-FB5125424BFF}.Release|x86.Build.0 = Release|Any CPU
		{07A60ED7-CC62-4E7A-A163-A35A20B2CB39}.Debug|Any CPU.ActiveCfg = Debug|Any CPU
		{07A60ED7-CC62-4E7A-A163-A35A20B2CB39}.Debug|Any CPU.Build.0 = Debug|Any CPU
		{07A60ED7-CC62-4E7A-A163-A35A20B2CB39}.Debug|x64.ActiveCfg = Debug|Any CPU
		{07A60ED7-CC62-4E7A-A163-A35A20B2CB39}.Debug|x64.Build.0 = Debug|Any CPU
		{07A60ED7-CC62-4E7A-A163-A35A20B2CB39}.Debug|x86.ActiveCfg = Debug|Any CPU
		{07A60ED7-CC62-4E7A-A163-A35A20B2CB39}.Debug|x86.Build.0 = Debug|Any CPU
		{07A60ED7-CC62-4E7A-A163-A35A20B2CB39}.Release|Any CPU.ActiveCfg = Release|Any CPU
		{07A60ED7-CC62-4E7A-A163-A35A20B2CB39}.Release|Any CPU.Build.0 = Release|Any CPU
		{07A60ED7-CC62-4E7A-A163-A35A20B2CB39}.Release|x64.ActiveCfg = Release|Any CPU
		{07A60ED7-CC62-4E7A-A163-A35A20B2CB39}.Release|x64.Build.0 = Release|Any CPU
		{07A60ED7-CC62-4E7A-A163-A35A20B2CB39}.Release|x86.ActiveCfg = Release|Any CPU
		{07A60ED7-CC62-4E7A-A163-A35A20B2CB39}.Release|x86.Build.0 = Release|Any CPU
		{99743150-BC3B-4E4A-A545-635EC1F43405}.Debug|Any CPU.ActiveCfg = Debug|Any CPU
		{99743150-BC3B-4E4A-A545-635EC1F43405}.Debug|Any CPU.Build.0 = Debug|Any CPU
		{99743150-BC3B-4E4A-A545-635EC1F43405}.Debug|x64.ActiveCfg = Debug|Any CPU
		{99743150-BC3B-4E4A-A545-635EC1F43405}.Debug|x64.Build.0 = Debug|Any CPU
		{99743150-BC3B-4E4A-A545-635EC1F43405}.Debug|x86.ActiveCfg = Debug|Any CPU
		{99743150-BC3B-4E4A-A545-635EC1F43405}.Debug|x86.Build.0 = Debug|Any CPU
		{99743150-BC3B-4E4A-A545-635EC1F43405}.Release|Any CPU.ActiveCfg = Release|Any CPU
		{99743150-BC3B-4E4A-A545-635EC1F43405}.Release|Any CPU.Build.0 = Release|Any CPU
		{99743150-BC3B-4E4A-A545-635EC1F43405}.Release|x64.ActiveCfg = Release|Any CPU
		{99743150-BC3B-4E4A-A545-635EC1F43405}.Release|x64.Build.0 = Release|Any CPU
		{99743150-BC3B-4E4A-A545-635EC1F43405}.Release|x86.ActiveCfg = Release|Any CPU
		{99743150-BC3B-4E4A-A545-635EC1F43405}.Release|x86.Build.0 = Release|Any CPU
		{62C8DF08-5456-49FA-A965-701256C5C663}.Debug|Any CPU.ActiveCfg = Debug|Any CPU
		{62C8DF08-5456-49FA-A965-701256C5C663}.Debug|Any CPU.Build.0 = Debug|Any CPU
		{62C8DF08-5456-49FA-A965-701256C5C663}.Debug|x64.ActiveCfg = Debug|Any CPU
		{62C8DF08-5456-49FA-A965-701256C5C663}.Debug|x64.Build.0 = Debug|Any CPU
		{62C8DF08-5456-49FA-A965-701256C5C663}.Debug|x86.ActiveCfg = Debug|Any CPU
		{62C8DF08-5456-49FA-A965-701256C5C663}.Debug|x86.Build.0 = Debug|Any CPU
		{62C8DF08-5456-49FA-A965-701256C5C663}.Release|Any CPU.ActiveCfg = Release|Any CPU
		{62C8DF08-5456-49FA-A965-701256C5C663}.Release|Any CPU.Build.0 = Release|Any CPU
		{62C8DF08-5456-49FA-A965-701256C5C663}.Release|x64.ActiveCfg = Release|Any CPU
		{62C8DF08-5456-49FA-A965-701256C5C663}.Release|x64.Build.0 = Release|Any CPU
		{62C8DF08-5456-49FA-A965-701256C5C663}.Release|x86.ActiveCfg = Release|Any CPU
		{62C8DF08-5456-49FA-A965-701256C5C663}.Release|x86.Build.0 = Release|Any CPU
		{86E6BCBE-72D5-49D9-B90B-73D3E4A0D694}.Debug|Any CPU.ActiveCfg = Debug|Any CPU
		{86E6BCBE-72D5-49D9-B90B-73D3E4A0D694}.Debug|Any CPU.Build.0 = Debug|Any CPU
		{86E6BCBE-72D5-49D9-B90B-73D3E4A0D694}.Debug|x64.ActiveCfg = Debug|Any CPU
		{86E6BCBE-72D5-49D9-B90B-73D3E4A0D694}.Debug|x64.Build.0 = Debug|Any CPU
		{86E6BCBE-72D5-49D9-B90B-73D3E4A0D694}.Debug|x86.ActiveCfg = Debug|Any CPU
		{86E6BCBE-72D5-49D9-B90B-73D3E4A0D694}.Debug|x86.Build.0 = Debug|Any CPU
		{86E6BCBE-72D5-49D9-B90B-73D3E4A0D694}.Release|Any CPU.ActiveCfg = Release|Any CPU
		{86E6BCBE-72D5-49D9-B90B-73D3E4A0D694}.Release|Any CPU.Build.0 = Release|Any CPU
		{86E6BCBE-72D5-49D9-B90B-73D3E4A0D694}.Release|x64.ActiveCfg = Release|Any CPU
		{86E6BCBE-72D5-49D9-B90B-73D3E4A0D694}.Release|x64.Build.0 = Release|Any CPU
		{86E6BCBE-72D5-49D9-B90B-73D3E4A0D694}.Release|x86.ActiveCfg = Release|Any CPU
		{86E6BCBE-72D5-49D9-B90B-73D3E4A0D694}.Release|x86.Build.0 = Release|Any CPU
		{AAC95EE4-EA92-44FE-8E62-4EE5B7FDEB7E}.Debug|Any CPU.ActiveCfg = Debug|Any CPU
		{AAC95EE4-EA92-44FE-8E62-4EE5B7FDEB7E}.Debug|Any CPU.Build.0 = Debug|Any CPU
		{AAC95EE4-EA92-44FE-8E62-4EE5B7FDEB7E}.Debug|x64.ActiveCfg = Debug|Any CPU
		{AAC95EE4-EA92-44FE-8E62-4EE5B7FDEB7E}.Debug|x64.Build.0 = Debug|Any CPU
		{AAC95EE4-EA92-44FE-8E62-4EE5B7FDEB7E}.Debug|x86.ActiveCfg = Debug|Any CPU
		{AAC95EE4-EA92-44FE-8E62-4EE5B7FDEB7E}.Debug|x86.Build.0 = Debug|Any CPU
		{AAC95EE4-EA92-44FE-8E62-4EE5B7FDEB7E}.Release|Any CPU.ActiveCfg = Release|Any CPU
		{AAC95EE4-EA92-44FE-8E62-4EE5B7FDEB7E}.Release|Any CPU.Build.0 = Release|Any CPU
		{AAC95EE4-EA92-44FE-8E62-4EE5B7FDEB7E}.Release|x64.ActiveCfg = Release|Any CPU
		{AAC95EE4-EA92-44FE-8E62-4EE5B7FDEB7E}.Release|x64.Build.0 = Release|Any CPU
		{AAC95EE4-EA92-44FE-8E62-4EE5B7FDEB7E}.Release|x86.ActiveCfg = Release|Any CPU
		{AAC95EE4-EA92-44FE-8E62-4EE5B7FDEB7E}.Release|x86.Build.0 = Release|Any CPU
		{CE64C176-7F85-46DD-9F0B-8094FF33AA1F}.Debug|Any CPU.ActiveCfg = Debug|Any CPU
		{CE64C176-7F85-46DD-9F0B-8094FF33AA1F}.Debug|Any CPU.Build.0 = Debug|Any CPU
		{CE64C176-7F85-46DD-9F0B-8094FF33AA1F}.Debug|x64.ActiveCfg = Debug|Any CPU
		{CE64C176-7F85-46DD-9F0B-8094FF33AA1F}.Debug|x64.Build.0 = Debug|Any CPU
		{CE64C176-7F85-46DD-9F0B-8094FF33AA1F}.Debug|x86.ActiveCfg = Debug|Any CPU
		{CE64C176-7F85-46DD-9F0B-8094FF33AA1F}.Debug|x86.Build.0 = Debug|Any CPU
		{CE64C176-7F85-46DD-9F0B-8094FF33AA1F}.Release|Any CPU.ActiveCfg = Release|Any CPU
		{CE64C176-7F85-46DD-9F0B-8094FF33AA1F}.Release|Any CPU.Build.0 = Release|Any CPU
		{CE64C176-7F85-46DD-9F0B-8094FF33AA1F}.Release|x64.ActiveCfg = Release|Any CPU
		{CE64C176-7F85-46DD-9F0B-8094FF33AA1F}.Release|x64.Build.0 = Release|Any CPU
		{CE64C176-7F85-46DD-9F0B-8094FF33AA1F}.Release|x86.ActiveCfg = Release|Any CPU
		{CE64C176-7F85-46DD-9F0B-8094FF33AA1F}.Release|x86.Build.0 = Release|Any CPU
		{E303518F-C94C-4378-A1F1-1D7860C92E9E}.Debug|Any CPU.ActiveCfg = Debug|Any CPU
		{E303518F-C94C-4378-A1F1-1D7860C92E9E}.Debug|Any CPU.Build.0 = Debug|Any CPU
		{E303518F-C94C-4378-A1F1-1D7860C92E9E}.Debug|x64.ActiveCfg = Debug|Any CPU
		{E303518F-C94C-4378-A1F1-1D7860C92E9E}.Debug|x64.Build.0 = Debug|Any CPU
		{E303518F-C94C-4378-A1F1-1D7860C92E9E}.Debug|x86.ActiveCfg = Debug|Any CPU
		{E303518F-C94C-4378-A1F1-1D7860C92E9E}.Debug|x86.Build.0 = Debug|Any CPU
		{E303518F-C94C-4378-A1F1-1D7860C92E9E}.Release|Any CPU.ActiveCfg = Release|Any CPU
		{E303518F-C94C-4378-A1F1-1D7860C92E9E}.Release|Any CPU.Build.0 = Release|Any CPU
		{E303518F-C94C-4378-A1F1-1D7860C92E9E}.Release|x64.ActiveCfg = Release|Any CPU
		{E303518F-C94C-4378-A1F1-1D7860C92E9E}.Release|x64.Build.0 = Release|Any CPU
		{E303518F-C94C-4378-A1F1-1D7860C92E9E}.Release|x86.ActiveCfg = Release|Any CPU
		{E303518F-C94C-4378-A1F1-1D7860C92E9E}.Release|x86.Build.0 = Release|Any CPU
		{54DDC6E5-4C02-4EE2-A6A7-4EB92C2F5D55}.Debug|Any CPU.ActiveCfg = Debug|Any CPU
		{54DDC6E5-4C02-4EE2-A6A7-4EB92C2F5D55}.Debug|Any CPU.Build.0 = Debug|Any CPU
		{54DDC6E5-4C02-4EE2-A6A7-4EB92C2F5D55}.Debug|x64.ActiveCfg = Debug|Any CPU
		{54DDC6E5-4C02-4EE2-A6A7-4EB92C2F5D55}.Debug|x64.Build.0 = Debug|Any CPU
		{54DDC6E5-4C02-4EE2-A6A7-4EB92C2F5D55}.Debug|x86.ActiveCfg = Debug|Any CPU
		{54DDC6E5-4C02-4EE2-A6A7-4EB92C2F5D55}.Debug|x86.Build.0 = Debug|Any CPU
		{54DDC6E5-4C02-4EE2-A6A7-4EB92C2F5D55}.Release|Any CPU.ActiveCfg = Release|Any CPU
		{54DDC6E5-4C02-4EE2-A6A7-4EB92C2F5D55}.Release|Any CPU.Build.0 = Release|Any CPU
		{54DDC6E5-4C02-4EE2-A6A7-4EB92C2F5D55}.Release|x64.ActiveCfg = Release|Any CPU
		{54DDC6E5-4C02-4EE2-A6A7-4EB92C2F5D55}.Release|x64.Build.0 = Release|Any CPU
		{54DDC6E5-4C02-4EE2-A6A7-4EB92C2F5D55}.Release|x86.ActiveCfg = Release|Any CPU
		{54DDC6E5-4C02-4EE2-A6A7-4EB92C2F5D55}.Release|x86.Build.0 = Release|Any CPU
		{602DB5F3-662D-4DB4-8C81-C9F86FBC8516}.Debug|Any CPU.ActiveCfg = Debug|Any CPU
		{602DB5F3-662D-4DB4-8C81-C9F86FBC8516}.Debug|Any CPU.Build.0 = Debug|Any CPU
		{602DB5F3-662D-4DB4-8C81-C9F86FBC8516}.Debug|x64.ActiveCfg = Debug|Any CPU
		{602DB5F3-662D-4DB4-8C81-C9F86FBC8516}.Debug|x64.Build.0 = Debug|Any CPU
		{602DB5F3-662D-4DB4-8C81-C9F86FBC8516}.Debug|x86.ActiveCfg = Debug|Any CPU
		{602DB5F3-662D-4DB4-8C81-C9F86FBC8516}.Debug|x86.Build.0 = Debug|Any CPU
		{602DB5F3-662D-4DB4-8C81-C9F86FBC8516}.Release|Any CPU.ActiveCfg = Release|Any CPU
		{602DB5F3-662D-4DB4-8C81-C9F86FBC8516}.Release|Any CPU.Build.0 = Release|Any CPU
		{602DB5F3-662D-4DB4-8C81-C9F86FBC8516}.Release|x64.ActiveCfg = Release|Any CPU
		{602DB5F3-662D-4DB4-8C81-C9F86FBC8516}.Release|x64.Build.0 = Release|Any CPU
		{602DB5F3-662D-4DB4-8C81-C9F86FBC8516}.Release|x86.ActiveCfg = Release|Any CPU
		{602DB5F3-662D-4DB4-8C81-C9F86FBC8516}.Release|x86.Build.0 = Release|Any CPU
		{F395DE86-9532-43BE-90D2-634508743985}.Debug|Any CPU.ActiveCfg = Debug|Any CPU
		{F395DE86-9532-43BE-90D2-634508743985}.Debug|Any CPU.Build.0 = Debug|Any CPU
		{F395DE86-9532-43BE-90D2-634508743985}.Debug|x64.ActiveCfg = Debug|Any CPU
		{F395DE86-9532-43BE-90D2-634508743985}.Debug|x64.Build.0 = Debug|Any CPU
		{F395DE86-9532-43BE-90D2-634508743985}.Debug|x86.ActiveCfg = Debug|Any CPU
		{F395DE86-9532-43BE-90D2-634508743985}.Debug|x86.Build.0 = Debug|Any CPU
		{F395DE86-9532-43BE-90D2-634508743985}.Release|Any CPU.ActiveCfg = Release|Any CPU
		{F395DE86-9532-43BE-90D2-634508743985}.Release|Any CPU.Build.0 = Release|Any CPU
		{F395DE86-9532-43BE-90D2-634508743985}.Release|x64.ActiveCfg = Release|Any CPU
		{F395DE86-9532-43BE-90D2-634508743985}.Release|x64.Build.0 = Release|Any CPU
		{F395DE86-9532-43BE-90D2-634508743985}.Release|x86.ActiveCfg = Release|Any CPU
		{F395DE86-9532-43BE-90D2-634508743985}.Release|x86.Build.0 = Release|Any CPU
		{6363C65F-E778-466B-8FEC-C0792D46ABF1}.Debug|Any CPU.ActiveCfg = Debug|Any CPU
		{6363C65F-E778-466B-8FEC-C0792D46ABF1}.Debug|Any CPU.Build.0 = Debug|Any CPU
		{6363C65F-E778-466B-8FEC-C0792D46ABF1}.Debug|x64.ActiveCfg = Debug|Any CPU
		{6363C65F-E778-466B-8FEC-C0792D46ABF1}.Debug|x64.Build.0 = Debug|Any CPU
		{6363C65F-E778-466B-8FEC-C0792D46ABF1}.Debug|x86.ActiveCfg = Debug|Any CPU
		{6363C65F-E778-466B-8FEC-C0792D46ABF1}.Debug|x86.Build.0 = Debug|Any CPU
		{6363C65F-E778-466B-8FEC-C0792D46ABF1}.Release|Any CPU.ActiveCfg = Release|Any CPU
		{6363C65F-E778-466B-8FEC-C0792D46ABF1}.Release|Any CPU.Build.0 = Release|Any CPU
		{6363C65F-E778-466B-8FEC-C0792D46ABF1}.Release|x64.ActiveCfg = Release|Any CPU
		{6363C65F-E778-466B-8FEC-C0792D46ABF1}.Release|x64.Build.0 = Release|Any CPU
		{6363C65F-E778-466B-8FEC-C0792D46ABF1}.Release|x86.ActiveCfg = Release|Any CPU
		{6363C65F-E778-466B-8FEC-C0792D46ABF1}.Release|x86.Build.0 = Release|Any CPU
		{DFC590E0-80E0-4338-99A9-051C82B6B315}.Debug|Any CPU.ActiveCfg = Debug|Any CPU
		{DFC590E0-80E0-4338-99A9-051C82B6B315}.Debug|Any CPU.Build.0 = Debug|Any CPU
		{DFC590E0-80E0-4338-99A9-051C82B6B315}.Debug|x64.ActiveCfg = Debug|Any CPU
		{DFC590E0-80E0-4338-99A9-051C82B6B315}.Debug|x64.Build.0 = Debug|Any CPU
		{DFC590E0-80E0-4338-99A9-051C82B6B315}.Debug|x86.ActiveCfg = Debug|Any CPU
		{DFC590E0-80E0-4338-99A9-051C82B6B315}.Debug|x86.Build.0 = Debug|Any CPU
		{DFC590E0-80E0-4338-99A9-051C82B6B315}.Release|Any CPU.ActiveCfg = Release|Any CPU
		{DFC590E0-80E0-4338-99A9-051C82B6B315}.Release|Any CPU.Build.0 = Release|Any CPU
		{DFC590E0-80E0-4338-99A9-051C82B6B315}.Release|x64.ActiveCfg = Release|Any CPU
		{DFC590E0-80E0-4338-99A9-051C82B6B315}.Release|x64.Build.0 = Release|Any CPU
		{DFC590E0-80E0-4338-99A9-051C82B6B315}.Release|x86.ActiveCfg = Release|Any CPU
		{DFC590E0-80E0-4338-99A9-051C82B6B315}.Release|x86.Build.0 = Release|Any CPU
		{22229D2B-2C19-4223-B486-2A99BB40E347}.Debug|Any CPU.ActiveCfg = Debug|Any CPU
		{22229D2B-2C19-4223-B486-2A99BB40E347}.Debug|Any CPU.Build.0 = Debug|Any CPU
		{22229D2B-2C19-4223-B486-2A99BB40E347}.Debug|x64.ActiveCfg = Debug|Any CPU
		{22229D2B-2C19-4223-B486-2A99BB40E347}.Debug|x64.Build.0 = Debug|Any CPU
		{22229D2B-2C19-4223-B486-2A99BB40E347}.Debug|x86.ActiveCfg = Debug|Any CPU
		{22229D2B-2C19-4223-B486-2A99BB40E347}.Debug|x86.Build.0 = Debug|Any CPU
		{22229D2B-2C19-4223-B486-2A99BB40E347}.Release|Any CPU.ActiveCfg = Release|Any CPU
		{22229D2B-2C19-4223-B486-2A99BB40E347}.Release|Any CPU.Build.0 = Release|Any CPU
		{22229D2B-2C19-4223-B486-2A99BB40E347}.Release|x64.ActiveCfg = Release|Any CPU
		{22229D2B-2C19-4223-B486-2A99BB40E347}.Release|x64.Build.0 = Release|Any CPU
		{22229D2B-2C19-4223-B486-2A99BB40E347}.Release|x86.ActiveCfg = Release|Any CPU
		{22229D2B-2C19-4223-B486-2A99BB40E347}.Release|x86.Build.0 = Release|Any CPU
	EndGlobalSection
	GlobalSection(SolutionProperties) = preSolution
		HideSolutionNode = FALSE
	EndGlobalSection
	GlobalSection(NestedProjects) = preSolution
		{1F1BFDAB-3748-4537-873D-A51444F815B7} = {827E0CD3-B72D-47B6-A68D-7590B98EB39B}
		{75541381-C81B-491F-87DE-3A584101CBFF} = {827E0CD3-B72D-47B6-A68D-7590B98EB39B}
		{450B983F-0E66-47EA-ACC2-8C136C3516BB} = {827E0CD3-B72D-47B6-A68D-7590B98EB39B}
		{4A2E451A-9449-45D3-BD46-177A10361217} = {827E0CD3-B72D-47B6-A68D-7590B98EB39B}
		{6BEE0A07-8BFF-4962-B4BA-EDC06EBF3BA7} = {827E0CD3-B72D-47B6-A68D-7590B98EB39B}
		{B0B86EED-DBF8-4A21-B53A-FB5125424BFF} = {827E0CD3-B72D-47B6-A68D-7590B98EB39B}
		{07A60ED7-CC62-4E7A-A163-A35A20B2CB39} = {827E0CD3-B72D-47B6-A68D-7590B98EB39B}
		{99743150-BC3B-4E4A-A545-635EC1F43405} = {827E0CD3-B72D-47B6-A68D-7590B98EB39B}
		{62C8DF08-5456-49FA-A965-701256C5C663} = {827E0CD3-B72D-47B6-A68D-7590B98EB39B}
		{86E6BCBE-72D5-49D9-B90B-73D3E4A0D694} = {827E0CD3-B72D-47B6-A68D-7590B98EB39B}
		{AAC95EE4-EA92-44FE-8E62-4EE5B7FDEB7E} = {827E0CD3-B72D-47B6-A68D-7590B98EB39B}
		{CE64C176-7F85-46DD-9F0B-8094FF33AA1F} = {827E0CD3-B72D-47B6-A68D-7590B98EB39B}
		{E303518F-C94C-4378-A1F1-1D7860C92E9E} = {827E0CD3-B72D-47B6-A68D-7590B98EB39B}
		{54DDC6E5-4C02-4EE2-A6A7-4EB92C2F5D55} = {827E0CD3-B72D-47B6-A68D-7590B98EB39B}
		{602DB5F3-662D-4DB4-8C81-C9F86FBC8516} = {0AB3BF05-4346-4AA6-1389-037BE0695223}
		{F395DE86-9532-43BE-90D2-634508743985} = {0AB3BF05-4346-4AA6-1389-037BE0695223}
		{6363C65F-E778-466B-8FEC-C0792D46ABF1} = {0AB3BF05-4346-4AA6-1389-037BE0695223}
		{DFC590E0-80E0-4338-99A9-051C82B6B315} = {0AB3BF05-4346-4AA6-1389-037BE0695223}
		{22229D2B-2C19-4223-B486-2A99BB40E347} = {0AB3BF05-4346-4AA6-1389-037BE0695223}
	EndGlobalSection
EndGlobal
